
Microsoft Visual Studio Solution File, Format Version 12.00
# Visual Studio 15
VisualStudioVersion = 15.0.26228.9
MinimumVisualStudioVersion = 10.0.40219.1
Project("{FAE04EC0-301F-11D3-BF4B-00C04F79EFBC}") = "BitwiseAnd", "BitwiseAnd\BitwiseAnd.csproj", "{DD5E7CE7-7877-4478-8B73-FDAFB751135C}"
EndProject
Project("{FAE04EC0-301F-11D3-BF4B-00C04F79EFBC}") = "BinaryNumbers", "BinaryNumbers\BinaryNumbers.csproj", "{113E7BA2-1862-4326-9B77-2793D4A384F1}"
EndProject
Project("{FAE04EC0-301F-11D3-BF4B-00C04F79EFBC}") = "BinarySearchTrees", "BinarySearchTrees\BinarySearchTrees.csproj", "{34204AF1-893E-4E3B-A63F-1B2C193EFD92}"
EndProject
Project("{FAE04EC0-301F-11D3-BF4B-00C04F79EFBC}") = "BSTLevelOrderTraversal", "BSTLevelOrderTraversal\BSTLevelOrderTraversal.csproj", "{D40C3E31-4631-45A9-B6FA-820CF9C0F362}"
EndProject
Project("{FAE04EC0-301F-11D3-BF4B-00C04F79EFBC}") = "MoreLinkedList", "MoreLinkedList\MoreLinkedList.csproj", "{A276CA6A-5FD6-4BD3-B49E-E2F7F0F1AB8A}"
EndProject
Project("{FAE04EC0-301F-11D3-BF4B-00C04F79EFBC}") = "RunningTimeAndComplexity", "RunningTimeAndComplexity\RunningTimeAndComplexity.csproj", "{E092F9A7-3788-41F6-9D46-9E21F64FC498}"
EndProject
Global
	GlobalSection(SolutionConfigurationPlatforms) = preSolution
		Debug|Any CPU = Debug|Any CPU
		Release|Any CPU = Release|Any CPU
	EndGlobalSection
	GlobalSection(ProjectConfigurationPlatforms) = postSolution
		{DD5E7CE7-7877-4478-8B73-FDAFB751135C}.Debug|Any CPU.ActiveCfg = Debug|Any CPU
		{DD5E7CE7-7877-4478-8B73-FDAFB751135C}.Debug|Any CPU.Build.0 = Debug|Any CPU
		{DD5E7CE7-7877-4478-8B73-FDAFB751135C}.Release|Any CPU.ActiveCfg = Release|Any CPU
		{DD5E7CE7-7877-4478-8B73-FDAFB751135C}.Release|Any CPU.Build.0 = Release|Any CPU
		{113E7BA2-1862-4326-9B77-2793D4A384F1}.Debug|Any CPU.ActiveCfg = Debug|Any CPU
		{113E7BA2-1862-4326-9B77-2793D4A384F1}.Debug|Any CPU.Build.0 = Debug|Any CPU
		{113E7BA2-1862-4326-9B77-2793D4A384F1}.Release|Any CPU.ActiveCfg = Release|Any CPU
		{113E7BA2-1862-4326-9B77-2793D4A384F1}.Release|Any CPU.Build.0 = Release|Any CPU
		{34204AF1-893E-4E3B-A63F-1B2C193EFD92}.Debug|Any CPU.ActiveCfg = Debug|Any CPU
		{34204AF1-893E-4E3B-A63F-1B2C193EFD92}.Debug|Any CPU.Build.0 = Debug|Any CPU
		{34204AF1-893E-4E3B-A63F-1B2C193EFD92}.Release|Any CPU.ActiveCfg = Release|Any CPU
		{34204AF1-893E-4E3B-A63F-1B2C193EFD92}.Release|Any CPU.Build.0 = Release|Any CPU
		{D40C3E31-4631-45A9-B6FA-820CF9C0F362}.Debug|Any CPU.ActiveCfg = Debug|Any CPU
		{D40C3E31-4631-45A9-B6FA-820CF9C0F362}.Debug|Any CPU.Build.0 = Debug|Any CPU
		{D40C3E31-4631-45A9-B6FA-820CF9C0F362}.Release|Any CPU.ActiveCfg = Release|Any CPU
		{D40C3E31-4631-45A9-B6FA-820CF9C0F362}.Release|Any CPU.Build.0 = Release|Any CPU
		{A276CA6A-5FD6-4BD3-B49E-E2F7F0F1AB8A}.Debug|Any CPU.ActiveCfg = Debug|Any CPU
		{A276CA6A-5FD6-4BD3-B49E-E2F7F0F1AB8A}.Debug|Any CPU.Build.0 = Debug|Any CPU
		{A276CA6A-5FD6-4BD3-B49E-E2F7F0F1AB8A}.Release|Any CPU.ActiveCfg = Release|Any CPU
		{A276CA6A-5FD6-4BD3-B49E-E2F7F0F1AB8A}.Release|Any CPU.Build.0 = Release|Any CPU
		{E092F9A7-3788-41F6-9D46-9E21F64FC498}.Debug|Any CPU.ActiveCfg = Debug|Any CPU
		{E092F9A7-3788-41F6-9D46-9E21F64FC498}.Debug|Any CPU.Build.0 = Debug|Any CPU
		{E092F9A7-3788-41F6-9D46-9E21F64FC498}.Release|Any CPU.ActiveCfg = Release|Any CPU
		{E092F9A7-3788-41F6-9D46-9E21F64FC498}.Release|Any CPU.Build.0 = Release|Any CPU
	EndGlobalSection
	GlobalSection(SolutionProperties) = preSolution
		HideSolutionNode = FALSE
	EndGlobalSection
EndGlobal
